// !$*UTF8*$!
{
	archiveVersion = 1;
	classes = {
	};
	objectVersion = 50;
	objects = {

/* Begin PBXBuildFile section */
		ED840BD624C6715B00588981 /* AppDelegate.swift in Sources */ = {isa = PBXBuildFile; fileRef = ED840BD524C6715B00588981 /* AppDelegate.swift */; };
		ED840BD824C6715B00588981 /* SceneDelegate.swift in Sources */ = {isa = PBXBuildFile; fileRef = ED840BD724C6715B00588981 /* SceneDelegate.swift */; };
		ED840BDA24C6715B00588981 /* ViewController.swift in Sources */ = {isa = PBXBuildFile; fileRef = ED840BD924C6715B00588981 /* ViewController.swift */; };
		ED840BDD24C6715B00588981 /* Main.storyboard in Resources */ = {isa = PBXBuildFile; fileRef = ED840BDB24C6715B00588981 /* Main.storyboard */; };
		ED840BDF24C6715B00588981 /* Assets.xcassets in Resources */ = {isa = PBXBuildFile; fileRef = ED840BDE24C6715B00588981 /* Assets.xcassets */; };
		ED840BE224C6715B00588981 /* LaunchScreen.storyboard in Resources */ = {isa = PBXBuildFile; fileRef = ED840BE024C6715B00588981 /* LaunchScreen.storyboard */; };
/* End PBXBuildFile section */

/* Begin PBXFileReference section */
		ED840BD224C6715B00588981 /* githubtest.app */ = {isa = PBXFileReference; explicitFileType = wrapper.application; includeInIndex = 0; path = githubtest.app; sourceTree = BUILT_PRODUCTS_DIR; };
		ED840BD524C6715B00588981 /* AppDelegate.swift */ = {isa = PBXFileReference; lastKnownFileType = sourcecode.swift; path = AppDelegate.swift; sourceTree = "<group>"; };
		ED840BD724C6715B00588981 /* SceneDelegate.swift */ = {isa = PBXFileReference; lastKnownFileType = sourcecode.swift; path = SceneDelegate.swift; sourceTree = "<group>"; };
		ED840BD924C6715B00588981 /* ViewController.swift */ = {isa = PBXFileReference; lastKnownFileType = sourcecode.swift; path = ViewController.swift; sourceTree = "<group>"; };
		ED840BDC24C6715B00588981 /* Base */ = {isa = PBXFileReference; lastKnownFileType = file.storyboard; name = Base; path = Base.lproj/Main.storyboard; sourceTree = "<group>"; };
		ED840BDE24C6715B00588981 /* Assets.xcassets */ = {isa = PBXFileReference; lastKnownFileType = folder.assetcatalog; path = Assets.xcassets; sourceTree = "<group>"; };
		ED840BE124C6715B00588981 /* Base */ = {isa = PBXFileReference; lastKnownFileType = file.storyboard; name = Base; path = Base.lproj/LaunchScreen.storyboard; sourceTree = "<group>"; };
		ED840BE324C6715B00588981 /* Info.plist */ = {isa = PBXFileReference; lastKnownFileType = text.plist.xml; path = Info.plist; sourceTree = "<group>"; };
/* End PBXFileReference section */

/* Begin PBXFrameworksBuildPhase section */
		ED840BCF24C6715B00588981 /* Frameworks */ = {
			isa = PBXFrameworksBuildPhase;
			buildActionMask = 2147483647;
			files = (
			);
			runOnlyForDeploymentPostprocessing = 0;
		};
/* End PBXFrameworksBuildPhase section */

/* Begin PBXGroup section */
		ED840BC924C6715B00588981 = {
			isa = PBXGroup;
			children = (
				ED840BD424C6715B00588981 /* githubtest */,
				ED840BD324C6715B00588981 /* Products */,
			);
			sourceTree = "<group>";
		};
		ED840BD324C6715B00588981 /* Products */ = {
			isa = PBXGroup;
			children = (
				ED840BD224C6715B00588981 /* githubtest.app */,
			);
			name = Products;
			sourceTree = "<group>";
		};
		ED840BD424C6715B00588981 /* githubtest */ = {
			isa = PBXGroup;
			children = (
				ED840BD524C6715B00588981 /* AppDelegate.swift */,
				ED840BD724C6715B00588981 /* SceneDelegate.swift */,
				ED840BD924C6715B00588981 /* ViewController.swift */,
				ED840BDB24C6715B00588981 /* Main.storyboard */,
				ED840BDE24C6715B00588981 /* Assets.xcassets */,
				ED840BE024C6715B00588981 /* LaunchScreen.storyboard */,
				ED840BE324C6715B00588981 /* Info.plist */,
			);
			path = githubtest;
			sourceTree = "<group>";
		};
/* End PBXGroup section */

/* Begin PBXNativeTarget section */
		ED840BD124C6715B00588981 /* githubtest */ = {
			isa = PBXNativeTarget;
			buildConfigurationList = ED840BE624C6715B00588981 /* Build configuration list for PBXNativeTarget "githubtest" */;
			buildPhases = (
				ED840BCE24C6715B00588981 /* Sources */,
				ED840BCF24C6715B00588981 /* Frameworks */,
				ED840BD024C6715B00588981 /* Resources */,
			);
			buildRules = (
			);
			dependencies = (
			);
			name = githubtest;
			productName = githubtest;
			productReference = ED840BD224C6715B00588981 /* githubtest.app */;
			productType = "com.apple.product-type.application";
		};
/* End PBXNativeTarget section */

/* Begin PBXProject section */
		ED840BCA24C6715B00588981 /* Project object */ = {
			isa = PBXProject;
			attributes = {
				LastSwiftUpdateCheck = 1130;
				LastUpgradeCheck = 1130;
				ORGANIZATIONNAME = "Justin Lucas";
				TargetAttributes = {
					ED840BD124C6715B00588981 = {
						CreatedOnToolsVersion = 11.3.1;
					};
				};
			};
			buildConfigurationList = ED840BCD24C6715B00588981 /* Build configuration list for PBXProject "githubtest" */;
			compatibilityVersion = "Xcode 9.3";
			developmentRegion = en;
			hasScannedForEncodings = 0;
			knownRegions = (
				en,
				Base,
			);
			mainGroup = ED840BC924C6715B00588981;
			productRefGroup = ED840BD324C6715B00588981 /* Products */;
			projectDirPath = "";
			projectRoot = "";
			targets = (
				ED840BD124C6715B00588981 /* githubtest */,
			);
		};
/* End PBXProject section */

/* Begin PBXResourcesBuildPhase section */
		ED840BD024C6715B00588981 /* Resources */ = {
			isa = PBXResourcesBuildPhase;
			buildActionMask = 2147483647;
			files = (
				ED840BE224C6715B00588981 /* LaunchScreen.storyboard in Resources */,
				ED840BDF24C6715B00588981 /* Assets.xcassets in Resources */,
				ED840BDD24C6715B00588981 /* Main.storyboard in Resources */,
			);
			runOnlyForDeploymentPostprocessing = 0;
		};
/* End PBXResourcesBuildPhase section */

/* Begin PBXSourcesBuildPhase section */
		ED840BCE24C6715B00588981 /* Sources */ = {
			isa = PBXSourcesBuildPhase;
			buildActionMask = 2147483647;
			files = (
				ED840BDA24C6715B00588981 /* ViewController.swift in Sources */,
				ED840BD624C6715B00588981 /* AppDelegate.swift in Sources */,
				ED840BD824C6715B00588981 /* SceneDelegate.swift in Sources */,
			);
			runOnlyForDeploymentPostprocessing = 0;
		};
/* End PBXSourcesBuildPhase section */

/* Begin PBXVariantGroup section */
		ED840BDB24C6715B00588981 /* Main.storyboard */ = {
			isa = PBXVariantGroup;
			children = (
				ED840BDC24C6715B00588981 /* Base */,
			);
			name = Main.storyboard;
			sourceTree = "<group>";
		};
		ED840BE024C6715B00588981 /* LaunchScreen.storyboard */ = {
			isa = PBXVariantGroup;
			children = (
				ED840BE124C6715B00588981 /* Base */,
			);
			name = LaunchScreen.storyboard;
			sourceTree = "<group>";
		};
/* End PBXVariantGroup section */

/* Begin XCBuildConfiguration section */
		ED840BE424C6715B00588981 /* Debug */ = {
			isa = XCBuildConfiguration;
			buildSettings = {
				ALWAYS_SEARCH_USER_PATHS = NO;
				CLANG_ANALYZER_NONNULL = YES;
				CLANG_ANALYZER_NUMBER_OBJECT_CONVERSION = YES_AGGRESSIVE;
				CLANG_CXX_LANGUAGE_STANDARD = "gnu++14";
				CLANG_CXX_LIBRARY = "libc++";
				CLANG_ENABLE_MODULES = YES;
				CLANG_ENABLE_OBJC_ARC = YES;
				CLANG_ENABLE_OBJC_WEAK = YES;
				CLANG_WARN_BLOCK_CAPTURE_AUTORELEASING = YES;
				CLANG_WARN_BOOL_CONVERSION = YES;
				CLANG_WARN_COMMA = YES;
				CLANG_WARN_CONSTANT_CONVERSION = YES;
				CLANG_WARN_DEPRECATED_OBJC_IMPLEMENTATIONS = YES;
				CLANG_WARN_DIRECT_OBJC_ISA_USAGE = YES_ERROR;
				CLANG_WARN_DOCUMENTATION_COMMENTS = YES;
				CLANG_WARN_EMPTY_BODY = YES;
				CLANG_WARN_ENUM_CONVERSION = YES;
				CLANG_WARN_INFINITE_RECURSION = YES;
				CLANG_WARN_INT_CONVERSION = YES;
				CLANG_WARN_NON_LITERAL_NULL_CONVERSION = YES;
				CLANG_WARN_OBJC_IMPLICIT_RETAIN_SELF = YES;
				CLANG_WARN_OBJC_LITERAL_CONVERSION = YES;
				CLANG_WARN_OBJC_ROOT_CLASS = YES_ERROR;
				CLANG_WARN_RANGE_LOOP_ANALYSIS = YES;
				CLANG_WARN_STRICT_PROTOTYPES = YES;
				CLANG_WARN_SUSPICIOUS_MOVE = YES;
				CLANG_WARN_UNGUARDED_AVAILABILITY = YES_AGGRESSIVE;
				CLANG_WARN_UNREACHABLE_CODE = YES;
				CLANG_WARN__DUPLICATE_METHOD_MATCH = YES;
				COPY_PHASE_STRIP = NO;
				DEBUG_INFORMATION_FORMAT = dwarf;
				ENABLE_STRICT_OBJC_MSGSEND = YES;
				ENABLE_TESTABILITY = YES;
				GCC_C_LANGUAGE_STANDARD = gnu11;
				GCC_DYNAMIC_NO_PIC = NO;
				GCC_NO_COMMON_BLOCKS = YES;
				GCC_OPTIMIZATION_LEVEL = 0;
				GCC_PREPROCESSOR_DEFINITIONS = (
					"DEBUG=1",
					"$(inherited)",
				);
				GCC_WARN_64_TO_32_BIT_CONVERSION = YES;
				GCC_WARN_ABOUT_RETURN_TYPE = YES_ERROR;
				GCC_WARN_UNDECLARED_SELECTOR = YES;
				GCC_WARN_UNINITIALIZED_AUTOS = YES_AGGRESSIVE;
				GCC_WARN_UNUSED_FUNCTION = YES;
				GCC_WARN_UNUSED_VARIABLE = YES;
				IPHONEOS_DEPLOYMENT_TARGET = 13.2;
				MTL_ENABLE_DEBUG_INFO = INCLUDE_SOURCE;
				MTL_FAST_MATH = YES;
				ONLY_ACTIVE_ARCH = YES;
				SDKROOT = iphoneos;
				SWIFT_ACTIVE_COMPILATION_CONDITIONS = DEBUG;
				SWIFT_OPTIMIZATION_LEVEL = "-Onone";
			};
			name = Debug;
		};
		ED840BE524C6715B00588981 /* Release */ = {
			isa = XCBuildConfiguration;
			buildSettings = {
				ALWAYS_SEARCH_USER_PATHS = NO;
				CLANG_ANALYZER_NONNULL = YES;
				CLANG_ANALYZER_NUMBER_OBJECT_CONVERSION = YES_AGGRESSIVE;
				CLANG_CXX_LANGUAGE_STANDARD = "gnu++14";
				CLANG_CXX_LIBRARY = "libc++";
				CLANG_ENABLE_MODULES = YES;
				CLANG_ENABLE_OBJC_ARC = YES;
				CLANG_ENABLE_OBJC_WEAK = YES;
				CLANG_WARN_BLOCK_CAPTURE_AUTORELEASING = YES;
				CLANG_WARN_BOOL_CONVERSION = YES;
				CLANG_WARN_COMMA = YES;
				CLANG_WARN_CONSTANT_CONVERSION = YES;
				CLANG_WARN_DEPRECATED_OBJC_IMPLEMENTATIONS = YES;
				CLANG_WARN_DIRECT_OBJC_ISA_USAGE = YES_ERROR;
				CLANG_WARN_DOCUMENTATION_COMMENTS = YES;
				CLANG_WARN_EMPTY_BODY = YES;
				CLANG_WARN_ENUM_CONVERSION = YES;
				CLANG_WARN_INFINITE_RECURSION = YES;
				CLANG_WARN_INT_CONVERSION = YES;
				CLANG_WARN_NON_LITERAL_NULL_CONVERSION = YES;
				CLANG_WARN_OBJC_IMPLICIT_RETAIN_SELF = YES;
				CLANG_WARN_OBJC_LITERAL_CONVERSION = YES;
				CLANG_WARN_OBJC_ROOT_CLASS = YES_ERROR;
				CLANG_WARN_RANGE_LOOP_ANALYSIS = YES;
				CLANG_WARN_STRICT_PROTOTYPES = YES;
				CLANG_WARN_SUSPICIOUS_MOVE = YES;
				CLANG_WARN_UNGUARDED_AVAILABILITY = YES_AGGRESSIVE;
				CLANG_WARN_UNREACHABLE_CODE = YES;
				CLANG_WARN__DUPLICATE_METHOD_MATCH = YES;
				COPY_PHASE_STRIP = NO;
				DEBUG_INFORMATION_FORMAT = "dwarf-with-dsym";
				ENABLE_NS_ASSERTIONS = NO;
				ENABLE_STRICT_OBJC_MSGSEND = YES;
				GCC_C_LANGUAGE_STANDARD = gnu11;
				GCC_NO_COMMON_BLOCKS = YES;
				GCC_WARN_64_TO_32_BIT_CONVERSION = YES;
				GCC_WARN_ABOUT_RETURN_TYPE = YES_ERROR;
				GCC_WARN_UNDECLARED_SELECTOR = YES;
				GCC_WARN_UNINITIALIZED_AUTOS = YES_AGGRESSIVE;
				GCC_WARN_UNUSED_FUNCTION = YES;
				GCC_WARN_UNUSED_VARIABLE = YES;
				IPHONEOS_DEPLOYMENT_TARGET = 13.2;
				MTL_ENABLE_DEBUG_INFO = NO;
				MTL_FAST_MATH = YES;
				SDKROOT = iphoneos;
				SWIFT_COMPILATION_MODE = wholemodule;
				SWIFT_OPTIMIZATION_LEVEL = "-O";
				VALIDATE_PRODUCT = YES;
			};
			name = Release;
		};
		ED840BE724C6715B00588981 /* Debug */ = {
			isa = XCBuildConfiguration;
			buildSettings = {
				ASSETCATALOG_COMPILER_APPICON_NAME = AppIcon;
				CODE_SIGN_STYLE = Automatic;
				INFOPLIST_FILE = githubtest/Info.plist;
				LD_RUNPATH_SEARCH_PATHS = (
					"$(inherited)",
					"@executable_path/Frameworks",
				);
				PRODUCT_BUNDLE_IDENTIFIER = Georgian.githubtest;
				PRODUCT_NAME = "$(TARGET_NAME)";
				SWIFT_VERSION = 5.0;
				TARGETED_DEVICE_FAMILY = "1,2";
			};
			name = Debug;
		};
		ED840BE824C6715B00588981 /* Release */ = {
			isa = XCBuildConfiguration;
			buildSettings = {
				ASSETCATALOG_COMPILER_APPICON_NAME = AppIcon;
				CODE_SIGN_STYLE = Automatic;
				INFOPLIST_FILE = githubtest/Info.plist;
				LD_RUNPATH_SEARCH_PATHS = (
					"$(inherited)",
					"@executable_path/Frameworks",
				);
				PRODUCT_BUNDLE_IDENTIFIER = Georgian.githubtest;
				PRODUCT_NAME = "$(TARGET_NAME)";
				SWIFT_VERSION = 5.0;
				TARGETED_DEVICE_FAMILY = "1,2";
			};
			name = Release;
		};
/* End XCBuildConfiguration section */

/* Begin XCConfigurationList section */
		ED840BCD24C6715B00588981 /* Build configuration list for PBXProject "githubtest" */ = {
			isa = XCConfigurationList;
			buildConfigurations = (
				ED840BE424C6715B00588981 /* Debug */,
				ED840BE524C6715B00588981 /* Release */,
			);
			defaultConfigurationIsVisible = 0;
			defaultConfigurationName = Release;
		};
		ED840BE624C6715B00588981 /* Build configuration list for PBXNativeTarget "githubtest" */ = {
			isa = XCConfigurationList;
			buildConfigurations = (
				ED840BE724C6715B00588981 /* Debug */,
				ED840BE824C6715B00588981 /* Release */,
			);
			defaultConfigurationIsVisible = 0;
			defaultConfigurationName = Release;
		};
/* End XCConfigurationList section */
	};
	rootObject = ED840BCA24C6715B00588981 /* Project object */;
}
